
Microsoft Visual Studio Solution File, Format Version 11.00
# Visual Studio 2010
Project("{FAE04EC0-301F-11D3-BF4B-00C04F79EFBC}") = "EditableDropDownList", "EditableDropDownList\EditableDropDownList.csproj", "{AD97F62C-8BD3-485D-95F7-B94C0799FEA2}"
EndProject
Project("{FAE04EC0-301F-11D3-BF4B-00C04F79EFBC}") = "EditableDropDownListTest", "EditableDropDownListTest\EditableDropDownListTest.csproj", "{3F90A980-16A1-444B-B5FF-A5ECCF1F9E3E}"
EndProject
Global
	GlobalSection(SolutionConfigurationPlatforms) = preSolution
		Debug|Any CPU = Debug|Any CPU
		Release|Any CPU = Release|Any CPU
	EndGlobalSection
	GlobalSection(ProjectConfigurationPlatforms) = postSolution
		{AD97F62C-8BD3-485D-95F7-B94C0799FEA2}.Debug|Any CPU.ActiveCfg = Debug|Any CPU
		{AD97F62C-8BD3-485D-95F7-B94C0799FEA2}.Debug|Any CPU.Build.0 = Debug|Any CPU
		{AD97F62C-8BD3-485D-95F7-B94C0799FEA2}.Release|Any CPU.ActiveCfg = Release|Any CPU
		{AD97F62C-8BD3-485D-95F7-B94C0799FEA2}.Release|Any CPU.Build.0 = Release|Any CPU
		{3F90A980-16A1-444B-B5FF-A5ECCF1F9E3E}.Debug|Any CPU.ActiveCfg = Debug|Any CPU
		{3F90A980-16A1-444B-B5FF-A5ECCF1F9E3E}.Debug|Any CPU.Build.0 = Debug|Any CPU
		{3F90A980-16A1-444B-B5FF-A5ECCF1F9E3E}.Release|Any CPU.ActiveCfg = Release|Any CPU
		{3F90A980-16A1-444B-B5FF-A5ECCF1F9E3E}.Release|Any CPU.Build.0 = Release|Any CPU
	EndGlobalSection
	GlobalSection(SolutionProperties) = preSolution
		HideSolutionNode = FALSE
	EndGlobalSection
EndGlobal
